<?xml version="1.0" encoding="UTF-8"?>
<Scheme
   LastUpgradeVersion = "1140"
   version = "1.7">
   <BuildAction
      parallelizeBuildables = "YES"
      buildImplicitDependencies = "YES">
   </BuildAction>
   <TestAction
      buildConfiguration = "Debug"
      selectedDebuggerIdentifier = "Xcode.DebuggerFoundation.Debugger.LLDB"
      selectedLauncherIdentifier = "Xcode.DebuggerFoundation.Launcher.LLDB"
      shouldUseLaunchSchemeArgsEnv = "YES">
      <Testables>
         <TestableReference
            skipped = "NO">
            <BuildableReference
               BuildableIdentifier = "primary"
               BlueprintIdentifier = "FD2495502330CB49009024E6"
               BuildableName = "FrameworkTests.xctest"
               BlueprintName = "FrameworkTests"
               ReferencedContainer = "container:VGSCollectSDK.xcodeproj">
            </BuildableReference>
            <SkippedTests>
               <Test
                  Identifier = "APIHostnameValidatorTests">
               </Test>
               <Test
                  Identifier = "ApiClientTests">
               </Test>
               <Test
                  Identifier = "CVVTextFieldTests">
               </Test>
               <Test
                  Identifier = "CardBrandTest">
               </Test>
               <Test
                  Identifier = "CardHolderNameFieldTests">
               </Test>
               <Test
                  Identifier = "CardNumerTextFieldTests">
               </Test>
               <Test
                  Identifier = "CardTextFieldTests">
               </Test>
               <Test
                  Identifier = "ExpDateTextField">
               </Test>
               <Test
                  Identifier = "ExpDateTextFieldTests">
               </Test>
               <Test
                  Identifier = "FileInfoTest">
               </Test>
               <Test
                  Identifier = "FilePickerTests">
               </Test>
               <Test
                  Identifier = "LuhnTests">
               </Test>
               <Test
                  Identifier = "MaskedTextFieldTest">
               </Test>
               <Test
                  Identifier = "PaymentCardsTest">
               </Test>
               <Test
                  Identifier = "SSNTextFieldTests">
               </Test>
               <Test
                  Identifier = "StorageTests">
               </Test>
               <Test
                  Identifier = "TextFieldSecurity">
               </Test>
               <Test
                  Identifier = "TextFielsStyleUI">
               </Test>
               <Test
                  Identifier = "UtilsTest">
               </Test>
               <Test
                  Identifier = "VGSCollectTests">
               </Test>
               <Test
                  Identifier = "VGSCollectValidationTests">
               </Test>
               <Test
                  Identifier = "VGSTextFieldTests">
               </Test>
               <Test
                  Identifier = "ValidationRulesTest">
               </Test>
            </SkippedTests>
            <LocationScenarioReference
               identifier = "com.apple.dt.IDEFoundation.CurrentLocationScenarioIdentifier"
               referenceType = "1">
            </LocationScenarioReference>
         </TestableReference>
      </Testables>
   </TestAction>
   <LaunchAction
      buildConfiguration = "Debug"
      selectedDebuggerIdentifier = "Xcode.DebuggerFoundation.Debugger.LLDB"
      selectedLauncherIdentifier = "Xcode.DebuggerFoundation.Launcher.LLDB"
      launchStyle = "0"
      useCustomWorkingDirectory = "NO"
      ignoresPersistentStateOnLaunch = "NO"
      debugDocumentVersioning = "YES"
      debugServiceExtension = "internal"
      allowLocationSimulation = "YES">
   </LaunchAction>
   <ProfileAction
      buildConfiguration = "Release"
      shouldUseLaunchSchemeArgsEnv = "YES"
      savedToolIdentifier = ""
      useCustomWorkingDirectory = "NO"
      debugDocumentVersioning = "YES">
   </ProfileAction>
   <AnalyzeAction
      buildConfiguration = "Debug">
   </AnalyzeAction>
   <ArchiveAction
      buildConfiguration = "Release"
      revealArchiveInOrganizer = "YES">
   </ArchiveAction>
</Scheme>
