PODS:
  - AnyFormatKit (0.2.2)
  - SnapKit (5.0.0)
  - VGSFramework (0.0.1):
    - AnyFormatKit
    - SnapKit

DEPENDENCIES:
  - SnapKit
  - VGSFramework (from `../framework`)

SPEC REPOS:
  https://github.com/cocoapods/specs.git:
    - AnyFormatKit
    - SnapKit

EXTERNAL SOURCES:
  VGSFramework:
    :path: "../framework"

SPEC CHECKSUMS:
  AnyFormatKit: e3452e241d9f03ebf95bad6bcffa12ae718b0e07
  SnapKit: fd22d10eb9aff484d79a8724eab922c1ddf89bcf
  VGSFramework: 40a7dadffe057dab3c75647625258d0635cbc37f

PODFILE CHECKSUM: bdbbca5cd91f47f06bd6d8758fddd821ba3749d1

COCOAPODS: 1.7.5
