PODS:
  - Alamofire (4.9.1)
  - SnapKit (5.0.1)
  - VGSCollectSDK (1.1.2):
    - Alamofire (= 4.9.1)

DEPENDENCIES:
  - SnapKit
  - VGSCollectSDK (from `../`)

SPEC REPOS:
  trunk:
    - Alamofire
    - SnapKit

EXTERNAL SOURCES:
  VGSCollectSDK:
    :path: "../"

SPEC CHECKSUMS:
  Alamofire: 85e8a02c69d6020a0d734f6054870d7ecb75cf18
  SnapKit: 97b92857e3df3a0c71833cce143274bf6ef8e5eb
  VGSCollectSDK: efd3a1a6621c175deed6bacdf904600f356aa694

PODFILE CHECKSUM: 290ec3b3684e6803c9c491fceed8c93b2f2cc288

COCOAPODS: 1.8.4
