// !$*UTF8*$!
{
	archiveVersion = 1;
	classes = {
	};
	objectVersion = 56;
	objects = {

/* Begin PBXBuildFile section */
		03BB79EE2AB868BA000B6DC1 /* VGSCollectSwiftUIDemoAppApp.swift in Sources */ = {isa = PBXBuildFile; fileRef = 03BB79ED2AB868BA000B6DC1 /* VGSCollectSwiftUIDemoAppApp.swift */; };
		03BB79F02AB868BA000B6DC1 /* ContentView.swift in Sources */ = {isa = PBXBuildFile; fileRef = 03BB79EF2AB868BA000B6DC1 /* ContentView.swift */; };
		03BB79F22AB868BC000B6DC1 /* Assets.xcassets in Resources */ = {isa = PBXBuildFile; fileRef = 03BB79F12AB868BC000B6DC1 /* Assets.xcassets */; };
		03BB79F52AB868BC000B6DC1 /* Preview Assets.xcassets in Resources */ = {isa = PBXBuildFile; fileRef = 03BB79F42AB868BC000B6DC1 /* Preview Assets.xcassets */; };
		03BB7A012AB89964000B6DC1 /* VGSCollectSDK in Frameworks */ = {isa = PBXBuildFile; productRef = 03BB7A002AB89964000B6DC1 /* VGSCollectSDK */; };
/* End PBXBuildFile section */

/* Begin PBXFileReference section */
		03BB79EA2AB868BA000B6DC1 /* VGSCollectSwiftUIDemoApp.app */ = {isa = PBXFileReference; explicitFileType = wrapper.application; includeInIndex = 0; path = VGSCollectSwiftUIDemoApp.app; sourceTree = BUILT_PRODUCTS_DIR; };
		03BB79ED2AB868BA000B6DC1 /* VGSCollectSwiftUIDemoAppApp.swift */ = {isa = PBXFileReference; lastKnownFileType = sourcecode.swift; path = VGSCollectSwiftUIDemoAppApp.swift; sourceTree = "<group>"; };
		03BB79EF2AB868BA000B6DC1 /* ContentView.swift */ = {isa = PBXFileReference; lastKnownFileType = sourcecode.swift; path = ContentView.swift; sourceTree = "<group>"; };
		03BB79F12AB868BC000B6DC1 /* Assets.xcassets */ = {isa = PBXFileReference; lastKnownFileType = folder.assetcatalog; path = Assets.xcassets; sourceTree = "<group>"; };
		03BB79F42AB868BC000B6DC1 /* Preview Assets.xcassets */ = {isa = PBXFileReference; lastKnownFileType = folder.assetcatalog; path = "Preview Assets.xcassets"; sourceTree = "<group>"; };
/* End PBXFileReference section */

/* Begin PBXFrameworksBuildPhase section */
		03BB79E72AB868BA000B6DC1 /* Frameworks */ = {
			isa = PBXFrameworksBuildPhase;
			buildActionMask = 2147483647;
			files = (
				03BB7A012AB89964000B6DC1 /* VGSCollectSDK in Frameworks */,
			);
			runOnlyForDeploymentPostprocessing = 0;
		};
/* End PBXFrameworksBuildPhase section */

/* Begin PBXGroup section */
		03BB79E12AB868BA000B6DC1 = {
			isa = PBXGroup;
			children = (
				03BB79FB2AB86A1A000B6DC1 /* Packages */,
				03BB79EC2AB868BA000B6DC1 /* VGSCollectSwiftUIDemoApp */,
				03BB79EB2AB868BA000B6DC1 /* Products */,
			);
			sourceTree = "<group>";
		};
		03BB79EB2AB868BA000B6DC1 /* Products */ = {
			isa = PBXGroup;
			children = (
				03BB79EA2AB868BA000B6DC1 /* VGSCollectSwiftUIDemoApp.app */,
			);
			name = Products;
			sourceTree = "<group>";
		};
		03BB79EC2AB868BA000B6DC1 /* VGSCollectSwiftUIDemoApp */ = {
			isa = PBXGroup;
			children = (
				03BB79ED2AB868BA000B6DC1 /* VGSCollectSwiftUIDemoAppApp.swift */,
				03BB79EF2AB868BA000B6DC1 /* ContentView.swift */,
				03BB79F12AB868BC000B6DC1 /* Assets.xcassets */,
				03BB79F32AB868BC000B6DC1 /* Preview Content */,
			);
			path = VGSCollectSwiftUIDemoApp;
			sourceTree = "<group>";
		};
		03BB79F32AB868BC000B6DC1 /* Preview Content */ = {
			isa = PBXGroup;
			children = (
				03BB79F42AB868BC000B6DC1 /* Preview Assets.xcassets */,
			);
			path = "Preview Content";
			sourceTree = "<group>";
		};
		03BB79FB2AB86A1A000B6DC1 /* Packages */ = {
			isa = PBXGroup;
			children = (
			);
			name = Packages;
			sourceTree = "<group>";
		};
/* End PBXGroup section */

/* Begin PBXNativeTarget section */
		03BB79E92AB868BA000B6DC1 /* VGSCollectSwiftUIDemoApp */ = {
			isa = PBXNativeTarget;
			buildConfigurationList = 03BB79F82AB868BC000B6DC1 /* Build configuration list for PBXNativeTarget "VGSCollectSwiftUIDemoApp" */;
			buildPhases = (
				03BB79E62AB868BA000B6DC1 /* Sources */,
				03BB79E72AB868BA000B6DC1 /* Frameworks */,
				03BB79E82AB868BA000B6DC1 /* Resources */,
			);
			buildRules = (
			);
			dependencies = (
			);
			name = VGSCollectSwiftUIDemoApp;
			packageProductDependencies = (
				03BB7A002AB89964000B6DC1 /* VGSCollectSDK */,
			);
			productName = VGSCollectSwiftUIDemoApp;
			productReference = 03BB79EA2AB868BA000B6DC1 /* VGSCollectSwiftUIDemoApp.app */;
			productType = "com.apple.product-type.application";
		};
/* End PBXNativeTarget section */

/* Begin PBXProject section */
		03BB79E22AB868BA000B6DC1 /* Project object */ = {
			isa = PBXProject;
			attributes = {
				BuildIndependentTargetsInParallel = 1;
				LastSwiftUpdateCheck = 1430;
				LastUpgradeCheck = 1430;
				TargetAttributes = {
					03BB79E92AB868BA000B6DC1 = {
						CreatedOnToolsVersion = 14.3.1;
					};
				};
			};
			buildConfigurationList = 03BB79E52AB868BA000B6DC1 /* Build configuration list for PBXProject "VGSCollectSwiftUIDemoApp" */;
			compatibilityVersion = "Xcode 14.0";
			developmentRegion = en;
			hasScannedForEncodings = 0;
			knownRegions = (
				en,
				Base,
			);
			mainGroup = 03BB79E12AB868BA000B6DC1;
			packageReferences = (
				03BB79FF2AB89963000B6DC1 /* XCRemoteSwiftPackageReference "vgs-collect-ios" */,
			);
			productRefGroup = 03BB79EB2AB868BA000B6DC1 /* Products */;
			projectDirPath = "";
			projectRoot = "";
			targets = (
				03BB79E92AB868BA000B6DC1 /* VGSCollectSwiftUIDemoApp */,
			);
		};
/* End PBXProject section */

/* Begin PBXResourcesBuildPhase section */
		03BB79E82AB868BA000B6DC1 /* Resources */ = {
			isa = PBXResourcesBuildPhase;
			buildActionMask = 2147483647;
			files = (
				03BB79F52AB868BC000B6DC1 /* Preview Assets.xcassets in Resources */,
				03BB79F22AB868BC000B6DC1 /* Assets.xcassets in Resources */,
			);
			runOnlyForDeploymentPostprocessing = 0;
		};
/* End PBXResourcesBuildPhase section */

/* Begin PBXSourcesBuildPhase section */
		03BB79E62AB868BA000B6DC1 /* Sources */ = {
			isa = PBXSourcesBuildPhase;
			buildActionMask = 2147483647;
			files = (
				03BB79F02AB868BA000B6DC1 /* ContentView.swift in Sources */,
				03BB79EE2AB868BA000B6DC1 /* VGSCollectSwiftUIDemoAppApp.swift in Sources */,
			);
			runOnlyForDeploymentPostprocessing = 0;
		};
/* End PBXSourcesBuildPhase section */

/* Begin XCBuildConfiguration section */
		03BB79F62AB868BC000B6DC1 /* Debug */ = {
			isa = XCBuildConfiguration;
			buildSettings = {
				ALWAYS_SEARCH_USER_PATHS = NO;
				CLANG_ANALYZER_NONNULL = YES;
				CLANG_ANALYZER_NUMBER_OBJECT_CONVERSION = YES_AGGRESSIVE;
				CLANG_CXX_LANGUAGE_STANDARD = "gnu++20";
				CLANG_ENABLE_MODULES = YES;
				CLANG_ENABLE_OBJC_ARC = YES;
				CLANG_ENABLE_OBJC_WEAK = YES;
				CLANG_WARN_BLOCK_CAPTURE_AUTORELEASING = YES;
				CLANG_WARN_BOOL_CONVERSION = YES;
				CLANG_WARN_COMMA = YES;
				CLANG_WARN_CONSTANT_CONVERSION = YES;
				CLANG_WARN_DEPRECATED_OBJC_IMPLEMENTATIONS = YES;
				CLANG_WARN_DIRECT_OBJC_ISA_USAGE = YES_ERROR;
				CLANG_WARN_DOCUMENTATION_COMMENTS = YES;
				CLANG_WARN_EMPTY_BODY = YES;
				CLANG_WARN_ENUM_CONVERSION = YES;
				CLANG_WARN_INFINITE_RECURSION = YES;
				CLANG_WARN_INT_CONVERSION = YES;
				CLANG_WARN_NON_LITERAL_NULL_CONVERSION = YES;
				CLANG_WARN_OBJC_IMPLICIT_RETAIN_SELF = YES;
				CLANG_WARN_OBJC_LITERAL_CONVERSION = YES;
				CLANG_WARN_OBJC_ROOT_CLASS = YES_ERROR;
				CLANG_WARN_QUOTED_INCLUDE_IN_FRAMEWORK_HEADER = YES;
				CLANG_WARN_RANGE_LOOP_ANALYSIS = YES;
				CLANG_WARN_STRICT_PROTOTYPES = YES;
				CLANG_WARN_SUSPICIOUS_MOVE = YES;
				CLANG_WARN_UNGUARDED_AVAILABILITY = YES_AGGRESSIVE;
				CLANG_WARN_UNREACHABLE_CODE = YES;
				CLANG_WARN__DUPLICATE_METHOD_MATCH = YES;
				COPY_PHASE_STRIP = NO;
				DEBUG_INFORMATION_FORMAT = dwarf;
				ENABLE_STRICT_OBJC_MSGSEND = YES;
				ENABLE_TESTABILITY = YES;
				GCC_C_LANGUAGE_STANDARD = gnu11;
				GCC_DYNAMIC_NO_PIC = NO;
				GCC_NO_COMMON_BLOCKS = YES;
				GCC_OPTIMIZATION_LEVEL = 0;
				GCC_PREPROCESSOR_DEFINITIONS = (
					"DEBUG=1",
					"$(inherited)",
				);
				GCC_WARN_64_TO_32_BIT_CONVERSION = YES;
				GCC_WARN_ABOUT_RETURN_TYPE = YES_ERROR;
				GCC_WARN_UNDECLARED_SELECTOR = YES;
				GCC_WARN_UNINITIALIZED_AUTOS = YES_AGGRESSIVE;
				GCC_WARN_UNUSED_FUNCTION = YES;
				GCC_WARN_UNUSED_VARIABLE = YES;
				IPHONEOS_DEPLOYMENT_TARGET = 16.4;
				MTL_ENABLE_DEBUG_INFO = INCLUDE_SOURCE;
				MTL_FAST_MATH = YES;
				ONLY_ACTIVE_ARCH = YES;
				SDKROOT = iphoneos;
				SWIFT_ACTIVE_COMPILATION_CONDITIONS = DEBUG;
				SWIFT_OPTIMIZATION_LEVEL = "-Onone";
			};
			name = Debug;
		};
		03BB79F72AB868BC000B6DC1 /* Release */ = {
			isa = XCBuildConfiguration;
			buildSettings = {
				ALWAYS_SEARCH_USER_PATHS = NO;
				CLANG_ANALYZER_NONNULL = YES;
				CLANG_ANALYZER_NUMBER_OBJECT_CONVERSION = YES_AGGRESSIVE;
				CLANG_CXX_LANGUAGE_STANDARD = "gnu++20";
				CLANG_ENABLE_MODULES = YES;
				CLANG_ENABLE_OBJC_ARC = YES;
				CLANG_ENABLE_OBJC_WEAK = YES;
				CLANG_WARN_BLOCK_CAPTURE_AUTORELEASING = YES;
				CLANG_WARN_BOOL_CONVERSION = YES;
				CLANG_WARN_COMMA = YES;
				CLANG_WARN_CONSTANT_CONVERSION = YES;
				CLANG_WARN_DEPRECATED_OBJC_IMPLEMENTATIONS = YES;
				CLANG_WARN_DIRECT_OBJC_ISA_USAGE = YES_ERROR;
				CLANG_WARN_DOCUMENTATION_COMMENTS = YES;
				CLANG_WARN_EMPTY_BODY = YES;
				CLANG_WARN_ENUM_CONVERSION = YES;
				CLANG_WARN_INFINITE_RECURSION = YES;
				CLANG_WARN_INT_CONVERSION = YES;
				CLANG_WARN_NON_LITERAL_NULL_CONVERSION = YES;
				CLANG_WARN_OBJC_IMPLICIT_RETAIN_SELF = YES;
				CLANG_WARN_OBJC_LITERAL_CONVERSION = YES;
				CLANG_WARN_OBJC_ROOT_CLASS = YES_ERROR;
				CLANG_WARN_QUOTED_INCLUDE_IN_FRAMEWORK_HEADER = YES;
				CLANG_WARN_RANGE_LOOP_ANALYSIS = YES;
				CLANG_WARN_STRICT_PROTOTYPES = YES;
				CLANG_WARN_SUSPICIOUS_MOVE = YES;
				CLANG_WARN_UNGUARDED_AVAILABILITY = YES_AGGRESSIVE;
				CLANG_WARN_UNREACHABLE_CODE = YES;
				CLANG_WARN__DUPLICATE_METHOD_MATCH = YES;
				COPY_PHASE_STRIP = NO;
				DEBUG_INFORMATION_FORMAT = "dwarf-with-dsym";
				ENABLE_NS_ASSERTIONS = NO;
				ENABLE_STRICT_OBJC_MSGSEND = YES;
				GCC_C_LANGUAGE_STANDARD = gnu11;
				GCC_NO_COMMON_BLOCKS = YES;
				GCC_WARN_64_TO_32_BIT_CONVERSION = YES;
				GCC_WARN_ABOUT_RETURN_TYPE = YES_ERROR;
				GCC_WARN_UNDECLARED_SELECTOR = YES;
				GCC_WARN_UNINITIALIZED_AUTOS = YES_AGGRESSIVE;
				GCC_WARN_UNUSED_FUNCTION = YES;
				GCC_WARN_UNUSED_VARIABLE = YES;
				IPHONEOS_DEPLOYMENT_TARGET = 16.4;
				MTL_ENABLE_DEBUG_INFO = NO;
				MTL_FAST_MATH = YES;
				SDKROOT = iphoneos;
				SWIFT_COMPILATION_MODE = wholemodule;
				SWIFT_OPTIMIZATION_LEVEL = "-O";
				VALIDATE_PRODUCT = YES;
			};
			name = Release;
		};
		03BB79F92AB868BC000B6DC1 /* Debug */ = {
			isa = XCBuildConfiguration;
			buildSettings = {
				ASSETCATALOG_COMPILER_APPICON_NAME = AppIcon;
				ASSETCATALOG_COMPILER_GLOBAL_ACCENT_COLOR_NAME = AccentColor;
				CODE_SIGN_STYLE = Automatic;
				CURRENT_PROJECT_VERSION = 1;
				DEVELOPMENT_ASSET_PATHS = "\"VGSCollectSwiftUIDemoApp/Preview Content\"";
				DEVELOPMENT_TEAM = 4445Y664U5;
				ENABLE_PREVIEWS = YES;
				GENERATE_INFOPLIST_FILE = YES;
				INFOPLIST_KEY_UIApplicationSceneManifest_Generation = YES;
				INFOPLIST_KEY_UIApplicationSupportsIndirectInputEvents = YES;
				INFOPLIST_KEY_UILaunchScreen_Generation = YES;
				INFOPLIST_KEY_UISupportedInterfaceOrientations_iPad = "UIInterfaceOrientationPortrait UIInterfaceOrientationPortraitUpsideDown UIInterfaceOrientationLandscapeLeft UIInterfaceOrientationLandscapeRight";
				INFOPLIST_KEY_UISupportedInterfaceOrientations_iPhone = "UIInterfaceOrientationPortrait UIInterfaceOrientationLandscapeLeft UIInterfaceOrientationLandscapeRight";
				IPHONEOS_DEPLOYMENT_TARGET = 14.0;
				LD_RUNPATH_SEARCH_PATHS = (
					"$(inherited)",
					"@executable_path/Frameworks",
				);
				MARKETING_VERSION = 1.0;
				PRODUCT_BUNDLE_IDENTIFIER = vgs.VGSCollectSwiftUIDemoApp;
				PRODUCT_NAME = "$(TARGET_NAME)";
				SWIFT_EMIT_LOC_STRINGS = YES;
				SWIFT_VERSION = 5.0;
				TARGETED_DEVICE_FAMILY = "1,2";
			};
			name = Debug;
		};
		03BB79FA2AB868BC000B6DC1 /* Release */ = {
			isa = XCBuildConfiguration;
			buildSettings = {
				ASSETCATALOG_COMPILER_APPICON_NAME = AppIcon;
				ASSETCATALOG_COMPILER_GLOBAL_ACCENT_COLOR_NAME = AccentColor;
				CODE_SIGN_STYLE = Automatic;
				CURRENT_PROJECT_VERSION = 1;
				DEVELOPMENT_ASSET_PATHS = "\"VGSCollectSwiftUIDemoApp/Preview Content\"";
				DEVELOPMENT_TEAM = 4445Y664U5;
				ENABLE_PREVIEWS = YES;
				GENERATE_INFOPLIST_FILE = YES;
				INFOPLIST_KEY_UIApplicationSceneManifest_Generation = YES;
				INFOPLIST_KEY_UIApplicationSupportsIndirectInputEvents = YES;
				INFOPLIST_KEY_UILaunchScreen_Generation = YES;
				INFOPLIST_KEY_UISupportedInterfaceOrientations_iPad = "UIInterfaceOrientationPortrait UIInterfaceOrientationPortraitUpsideDown UIInterfaceOrientationLandscapeLeft UIInterfaceOrientationLandscapeRight";
				INFOPLIST_KEY_UISupportedInterfaceOrientations_iPhone = "UIInterfaceOrientationPortrait UIInterfaceOrientationLandscapeLeft UIInterfaceOrientationLandscapeRight";
				IPHONEOS_DEPLOYMENT_TARGET = 14.0;
				LD_RUNPATH_SEARCH_PATHS = (
					"$(inherited)",
					"@executable_path/Frameworks",
				);
				MARKETING_VERSION = 1.0;
				PRODUCT_BUNDLE_IDENTIFIER = vgs.VGSCollectSwiftUIDemoApp;
				PRODUCT_NAME = "$(TARGET_NAME)";
				SWIFT_EMIT_LOC_STRINGS = YES;
				SWIFT_VERSION = 5.0;
				TARGETED_DEVICE_FAMILY = "1,2";
			};
			name = Release;
		};
/* End XCBuildConfiguration section */

/* Begin XCConfigurationList section */
		03BB79E52AB868BA000B6DC1 /* Build configuration list for PBXProject "VGSCollectSwiftUIDemoApp" */ = {
			isa = XCConfigurationList;
			buildConfigurations = (
				03BB79F62AB868BC000B6DC1 /* Debug */,
				03BB79F72AB868BC000B6DC1 /* Release */,
			);
			defaultConfigurationIsVisible = 0;
			defaultConfigurationName = Release;
		};
		03BB79F82AB868BC000B6DC1 /* Build configuration list for PBXNativeTarget "VGSCollectSwiftUIDemoApp" */ = {
			isa = XCConfigurationList;
			buildConfigurations = (
				03BB79F92AB868BC000B6DC1 /* Debug */,
				03BB79FA2AB868BC000B6DC1 /* Release */,
			);
			defaultConfigurationIsVisible = 0;
			defaultConfigurationName = Release;
		};
/* End XCConfigurationList section */

/* Begin XCRemoteSwiftPackageReference section */
		03BB79FF2AB89963000B6DC1 /* XCRemoteSwiftPackageReference "vgs-collect-ios" */ = {
			isa = XCRemoteSwiftPackageReference;
			repositoryURL = "https://github.com/verygoodsecurity/vgs-collect-ios";
			requirement = {
				branch = feature/swiftui_poc;
				kind = branch;
			};
		};
/* End XCRemoteSwiftPackageReference section */

/* Begin XCSwiftPackageProductDependency section */
		03BB7A002AB89964000B6DC1 /* VGSCollectSDK */ = {
			isa = XCSwiftPackageProductDependency;
			package = 03BB79FF2AB89963000B6DC1 /* XCRemoteSwiftPackageReference "vgs-collect-ios" */;
			productName = VGSCollectSDK;
		};
/* End XCSwiftPackageProductDependency section */
	};
	rootObject = 03BB79E22AB868BA000B6DC1 /* Project object */;
}
